
Microsoft Visual Studio Solution File, Format Version 12.00
# Visual Studio 15
VisualStudioVersion = 15.0.27130.2036
MinimumVisualStudioVersion = 10.0.40219.1
Project("{2150E333-8FDC-42A3-9474-1A3956D46DE8}") = ".nuget", ".nuget", "{E426B2A6-0794-49AA-9C92-909ADF26262C}"
	ProjectSection(SolutionItems) = preProject
		NuGet.Config = NuGet.Config
	EndProjectSection
EndProject
Project("{2150E333-8FDC-42A3-9474-1A3956D46DE8}") = "1. Common", "1. Common", "{49BA55BA-94F1-4959-8B79-F2F6D9676BE2}"
EndProject
Project("{9A19103F-16F7-4668-BE54-9A1E7A4F7556}") = "BlueSpursTest.Models", "BlueSpursTest.Models\BlueSpursTest.Models.csproj", "{7AF41F6D-FB54-4444-996E-596455A0D005}"
EndProject
Project("{2150E333-8FDC-42A3-9474-1A3956D46DE8}") = "3. BL", "3. BL", "{7BAF0826-9030-442E-AD1D-2D930D220D89}"
EndProject
Project("{FAE04EC0-301F-11D3-BF4B-00C04F79EFBC}") = "BlueSpursTest.BL.Contracts", "BlueSpursTest.BL.Contracts\BlueSpursTest.BL.Contracts.csproj", "{BF075670-6A05-4BD4-BEA7-04BDB58D490C}"
EndProject
Project("{FAE04EC0-301F-11D3-BF4B-00C04F79EFBC}") = "BlueSpursTest.BL.Implementation", "BlueSpursTest.BL.Implementation\BlueSpursTest.BL.Implementation.csproj", "{9E33CD69-FB8F-4FB0-9770-C47E7FC3B86A}"
EndProject
Project("{2150E333-8FDC-42A3-9474-1A3956D46DE8}") = "4. Web", "4. Web", "{8C94EB85-66DE-4729-B44C-A3FB538D55F4}"
EndProject
Project("{FAE04EC0-301F-11D3-BF4B-00C04F79EFBC}") = "BlueSpursTest.WebAPI", "BlueSpursTest.WebAPI\BlueSpursTest.WebAPI.csproj", "{CA4347DD-323F-48D9-BB08-A7B746088F36}"
	ProjectSection(ProjectDependencies) = postProject
		{9E33CD69-FB8F-4FB0-9770-C47E7FC3B86A} = {9E33CD69-FB8F-4FB0-9770-C47E7FC3B86A}
		{61879073-FAC4-4F6C-B790-8A4697CA4254} = {61879073-FAC4-4F6C-B790-8A4697CA4254}
		{2795ABDC-052A-49A6-B9AB-FC8098B351A9} = {2795ABDC-052A-49A6-B9AB-FC8098B351A9}
		{DE4A61E7-21E5-4AB5-859C-58088C778332} = {DE4A61E7-21E5-4AB5-859C-58088C778332}
	EndProjectSection
EndProject
Project("{2150E333-8FDC-42A3-9474-1A3956D46DE8}") = "2. External Services", "2. External Services", "{196782E9-BEBA-471E-81E9-95895E4F57F0}"
EndProject
Project("{FAE04EC0-301F-11D3-BF4B-00C04F79EFBC}") = "BlueSpursTest.External.BESTBUYServices.Implementation", "BlueSpursTest.External.BESTBUYServices.Implementation\BlueSpursTest.External.BESTBUYServices.Implementation.csproj", "{DE4A61E7-21E5-4AB5-859C-58088C778332}"
EndProject
Project("{9A19103F-16F7-4668-BE54-9A1E7A4F7556}") = "BlueSpursTest.External.Services.Contracts", "BlueSpursTest.External.Services.Contracts\BlueSpursTest.External.Services.Contracts.csproj", "{61879073-FAC4-4F6C-B790-8A4697CA4254}"
EndProject
Project("{FAE04EC0-301F-11D3-BF4B-00C04F79EFBC}") = "BlueSpursTest.External.WALMARTServices.Implementation", "BlueSpursTest.External.WALMARTServices.Implementation\BlueSpursTest.External.WALMARTServices.Implementation.csproj", "{2795ABDC-052A-49A6-B9AB-FC8098B351A9}"
EndProject
Global
	GlobalSection(SolutionConfigurationPlatforms) = preSolution
		Dev|Any CPU = Dev|Any CPU
		Prod|Any CPU = Prod|Any CPU
		Test|Any CPU = Test|Any CPU
	EndGlobalSection
	GlobalSection(ProjectConfigurationPlatforms) = postSolution
		{7AF41F6D-FB54-4444-996E-596455A0D005}.Dev|Any CPU.ActiveCfg = Dev|Any CPU
		{7AF41F6D-FB54-4444-996E-596455A0D005}.Dev|Any CPU.Build.0 = Dev|Any CPU
		{7AF41F6D-FB54-4444-996E-596455A0D005}.Prod|Any CPU.ActiveCfg = Prod|Any CPU
		{7AF41F6D-FB54-4444-996E-596455A0D005}.Prod|Any CPU.Build.0 = Prod|Any CPU
		{7AF41F6D-FB54-4444-996E-596455A0D005}.Test|Any CPU.ActiveCfg = Test|Any CPU
		{7AF41F6D-FB54-4444-996E-596455A0D005}.Test|Any CPU.Build.0 = Test|Any CPU
		{BF075670-6A05-4BD4-BEA7-04BDB58D490C}.Dev|Any CPU.ActiveCfg = Dev|Any CPU
		{BF075670-6A05-4BD4-BEA7-04BDB58D490C}.Dev|Any CPU.Build.0 = Dev|Any CPU
		{BF075670-6A05-4BD4-BEA7-04BDB58D490C}.Prod|Any CPU.ActiveCfg = Prod|Any CPU
		{BF075670-6A05-4BD4-BEA7-04BDB58D490C}.Prod|Any CPU.Build.0 = Prod|Any CPU
		{BF075670-6A05-4BD4-BEA7-04BDB58D490C}.Test|Any CPU.ActiveCfg = Test|Any CPU
		{BF075670-6A05-4BD4-BEA7-04BDB58D490C}.Test|Any CPU.Build.0 = Test|Any CPU
		{9E33CD69-FB8F-4FB0-9770-C47E7FC3B86A}.Dev|Any CPU.ActiveCfg = Dev|Any CPU
		{9E33CD69-FB8F-4FB0-9770-C47E7FC3B86A}.Dev|Any CPU.Build.0 = Dev|Any CPU
		{9E33CD69-FB8F-4FB0-9770-C47E7FC3B86A}.Prod|Any CPU.ActiveCfg = Prod|Any CPU
		{9E33CD69-FB8F-4FB0-9770-C47E7FC3B86A}.Prod|Any CPU.Build.0 = Prod|Any CPU
		{9E33CD69-FB8F-4FB0-9770-C47E7FC3B86A}.Test|Any CPU.ActiveCfg = Test|Any CPU
		{9E33CD69-FB8F-4FB0-9770-C47E7FC3B86A}.Test|Any CPU.Build.0 = Test|Any CPU
		{CA4347DD-323F-48D9-BB08-A7B746088F36}.Dev|Any CPU.ActiveCfg = Dev|Any CPU
		{CA4347DD-323F-48D9-BB08-A7B746088F36}.Dev|Any CPU.Build.0 = Dev|Any CPU
		{CA4347DD-323F-48D9-BB08-A7B746088F36}.Prod|Any CPU.ActiveCfg = Prod|Any CPU
		{CA4347DD-323F-48D9-BB08-A7B746088F36}.Prod|Any CPU.Build.0 = Prod|Any CPU
		{CA4347DD-323F-48D9-BB08-A7B746088F36}.Test|Any CPU.ActiveCfg = Test|Any CPU
		{CA4347DD-323F-48D9-BB08-A7B746088F36}.Test|Any CPU.Build.0 = Test|Any CPU
		{DE4A61E7-21E5-4AB5-859C-58088C778332}.Dev|Any CPU.ActiveCfg = Dev|Any CPU
		{DE4A61E7-21E5-4AB5-859C-58088C778332}.Dev|Any CPU.Build.0 = Dev|Any CPU
		{DE4A61E7-21E5-4AB5-859C-58088C778332}.Prod|Any CPU.ActiveCfg = Prod|Any CPU
		{DE4A61E7-21E5-4AB5-859C-58088C778332}.Prod|Any CPU.Build.0 = Prod|Any CPU
		{DE4A61E7-21E5-4AB5-859C-58088C778332}.Test|Any CPU.ActiveCfg = Test|Any CPU
		{DE4A61E7-21E5-4AB5-859C-58088C778332}.Test|Any CPU.Build.0 = Test|Any CPU
		{61879073-FAC4-4F6C-B790-8A4697CA4254}.Dev|Any CPU.ActiveCfg = Dev|Any CPU
		{61879073-FAC4-4F6C-B790-8A4697CA4254}.Dev|Any CPU.Build.0 = Dev|Any CPU
		{61879073-FAC4-4F6C-B790-8A4697CA4254}.Prod|Any CPU.ActiveCfg = Prod|Any CPU
		{61879073-FAC4-4F6C-B790-8A4697CA4254}.Prod|Any CPU.Build.0 = Prod|Any CPU
		{61879073-FAC4-4F6C-B790-8A4697CA4254}.Test|Any CPU.ActiveCfg = Test|Any CPU
		{61879073-FAC4-4F6C-B790-8A4697CA4254}.Test|Any CPU.Build.0 = Test|Any CPU
		{2795ABDC-052A-49A6-B9AB-FC8098B351A9}.Dev|Any CPU.ActiveCfg = Dev|Any CPU
		{2795ABDC-052A-49A6-B9AB-FC8098B351A9}.Dev|Any CPU.Build.0 = Dev|Any CPU
		{2795ABDC-052A-49A6-B9AB-FC8098B351A9}.Prod|Any CPU.ActiveCfg = Prod|Any CPU
		{2795ABDC-052A-49A6-B9AB-FC8098B351A9}.Prod|Any CPU.Build.0 = Prod|Any CPU
		{2795ABDC-052A-49A6-B9AB-FC8098B351A9}.Test|Any CPU.ActiveCfg = Test|Any CPU
		{2795ABDC-052A-49A6-B9AB-FC8098B351A9}.Test|Any CPU.Build.0 = Test|Any CPU
	EndGlobalSection
	GlobalSection(SolutionProperties) = preSolution
		HideSolutionNode = FALSE
	EndGlobalSection
	GlobalSection(NestedProjects) = preSolution
		{7AF41F6D-FB54-4444-996E-596455A0D005} = {49BA55BA-94F1-4959-8B79-F2F6D9676BE2}
		{BF075670-6A05-4BD4-BEA7-04BDB58D490C} = {7BAF0826-9030-442E-AD1D-2D930D220D89}
		{9E33CD69-FB8F-4FB0-9770-C47E7FC3B86A} = {7BAF0826-9030-442E-AD1D-2D930D220D89}
		{CA4347DD-323F-48D9-BB08-A7B746088F36} = {8C94EB85-66DE-4729-B44C-A3FB538D55F4}
		{DE4A61E7-21E5-4AB5-859C-58088C778332} = {196782E9-BEBA-471E-81E9-95895E4F57F0}
		{61879073-FAC4-4F6C-B790-8A4697CA4254} = {196782E9-BEBA-471E-81E9-95895E4F57F0}
		{2795ABDC-052A-49A6-B9AB-FC8098B351A9} = {196782E9-BEBA-471E-81E9-95895E4F57F0}
	EndGlobalSection
	GlobalSection(ExtensibilityGlobals) = postSolution
		SolutionGuid = {17C9AE0D-50A6-4AA9-99DA-D6239B285029}
	EndGlobalSection
EndGlobal
